// !$*UTF8*$!
{
	archiveVersion = 1;
	classes = {
	};
	objectVersion = 56;
	objects = {

/* Begin PBXBuildFile section */
		891D3A87296C1F7700AE3793 /* ExtensionStore.swift in Sources */ = {isa = PBXBuildFile; fileRef = 891D3A86296C1F7700AE3793 /* ExtensionStore.swift */; };
		891D3A8D296C387900AE3793 /* Extensions.swift in Sources */ = {isa = PBXBuildFile; fileRef = 891D3A8C296C387900AE3793 /* Extensions.swift */; };
		891F262C2A0CF8380061AAFE /* RequestModel.swift in Sources */ = {isa = PBXBuildFile; fileRef = 891F262B2A0CF8380061AAFE /* RequestModel.swift */; };
		891F262E2A0CF90F0061AAFE /* Sort.swift in Sources */ = {isa = PBXBuildFile; fileRef = 891F262D2A0CF90F0061AAFE /* Sort.swift */; };
		892715D82A1225B400E37F37 /* Filter.swift in Sources */ = {isa = PBXBuildFile; fileRef = 892715D72A1225B400E37F37 /* Filter.swift */; };
		892715DA2A12260800E37F37 /* Extension.swift in Sources */ = {isa = PBXBuildFile; fileRef = 892715D92A12260800E37F37 /* Extension.swift */; };
		892715DC2A12263200E37F37 /* Parseable.swift in Sources */ = {isa = PBXBuildFile; fileRef = 892715DB2A12263200E37F37 /* Parseable.swift */; };
		892715DE2A12264700E37F37 /* Plugin.swift in Sources */ = {isa = PBXBuildFile; fileRef = 892715DD2A12264700E37F37 /* Plugin.swift */; };
		892715E02A12269C00E37F37 /* SystemExtension.swift in Sources */ = {isa = PBXBuildFile; fileRef = 892715DF2A12269C00E37F37 /* SystemExtension.swift */; };
		892715E32A1226E700E37F37 /* BrowserExtension.swift in Sources */ = {isa = PBXBuildFile; fileRef = 892715E12A1226E700E37F37 /* BrowserExtension.swift */; };
		892715E42A1226E700E37F37 /* Firefox.swift in Sources */ = {isa = PBXBuildFile; fileRef = 892715E22A1226E700E37F37 /* Firefox.swift */; };
		89C0C73C296BF75F00C829FD /* AppDelegate.swift in Sources */ = {isa = PBXBuildFile; fileRef = 89C0C73B296BF75F00C829FD /* AppDelegate.swift */; };
		89C0C73E296BF75F00C829FD /* ViewController.swift in Sources */ = {isa = PBXBuildFile; fileRef = 89C0C73D296BF75F00C829FD /* ViewController.swift */; };
		89C0C740296BF76100C829FD /* Assets.xcassets in Resources */ = {isa = PBXBuildFile; fileRef = 89C0C73F296BF76100C829FD /* Assets.xcassets */; };
		89C0C743296BF76100C829FD /* Main.storyboard in Resources */ = {isa = PBXBuildFile; fileRef = 89C0C741296BF76100C829FD /* Main.storyboard */; };
/* End PBXBuildFile section */

/* Begin PBXFileReference section */
		891D3A86296C1F7700AE3793 /* ExtensionStore.swift */ = {isa = PBXFileReference; fileEncoding = 4; lastKnownFileType = sourcecode.swift; path = ExtensionStore.swift; sourceTree = "<group>"; };
		891D3A8C296C387900AE3793 /* Extensions.swift */ = {isa = PBXFileReference; lastKnownFileType = sourcecode.swift; path = Extensions.swift; sourceTree = "<group>"; };
		891F262B2A0CF8380061AAFE /* RequestModel.swift */ = {isa = PBXFileReference; lastKnownFileType = sourcecode.swift; path = RequestModel.swift; sourceTree = "<group>"; };
		891F262D2A0CF90F0061AAFE /* Sort.swift */ = {isa = PBXFileReference; lastKnownFileType = sourcecode.swift; path = Sort.swift; sourceTree = "<group>"; };
		892715D72A1225B400E37F37 /* Filter.swift */ = {isa = PBXFileReference; lastKnownFileType = sourcecode.swift; path = Filter.swift; sourceTree = "<group>"; };
		892715D92A12260800E37F37 /* Extension.swift */ = {isa = PBXFileReference; lastKnownFileType = sourcecode.swift; path = Extension.swift; sourceTree = "<group>"; };
		892715DB2A12263200E37F37 /* Parseable.swift */ = {isa = PBXFileReference; lastKnownFileType = sourcecode.swift; path = Parseable.swift; sourceTree = "<group>"; };
		892715DD2A12264700E37F37 /* Plugin.swift */ = {isa = PBXFileReference; lastKnownFileType = sourcecode.swift; path = Plugin.swift; sourceTree = "<group>"; };
		892715DF2A12269C00E37F37 /* SystemExtension.swift */ = {isa = PBXFileReference; lastKnownFileType = sourcecode.swift; path = SystemExtension.swift; sourceTree = "<group>"; };
		892715E12A1226E700E37F37 /* BrowserExtension.swift */ = {isa = PBXFileReference; fileEncoding = 4; lastKnownFileType = sourcecode.swift; path = BrowserExtension.swift; sourceTree = "<group>"; };
		892715E22A1226E700E37F37 /* Firefox.swift */ = {isa = PBXFileReference; fileEncoding = 4; lastKnownFileType = sourcecode.swift; path = Firefox.swift; sourceTree = "<group>"; };
		89C0C738296BF75F00C829FD /* Extension Manager.app */ = {isa = PBXFileReference; explicitFileType = wrapper.application; includeInIndex = 0; path = "Extension Manager.app"; sourceTree = BUILT_PRODUCTS_DIR; };
		89C0C73B296BF75F00C829FD /* AppDelegate.swift */ = {isa = PBXFileReference; lastKnownFileType = sourcecode.swift; path = AppDelegate.swift; sourceTree = "<group>"; };
		89C0C73D296BF75F00C829FD /* ViewController.swift */ = {isa = PBXFileReference; lastKnownFileType = sourcecode.swift; path = ViewController.swift; sourceTree = "<group>"; };
		89C0C73F296BF76100C829FD /* Assets.xcassets */ = {isa = PBXFileReference; lastKnownFileType = folder.assetcatalog; path = Assets.xcassets; sourceTree = "<group>"; };
		89C0C742296BF76100C829FD /* Base */ = {isa = PBXFileReference; lastKnownFileType = file.storyboard; name = Base; path = Base.lproj/Main.storyboard; sourceTree = "<group>"; };
		89C0C744296BF76100C829FD /* ExtensionManager.entitlements */ = {isa = PBXFileReference; lastKnownFileType = text.plist.entitlements; path = ExtensionManager.entitlements; sourceTree = "<group>"; };
/* End PBXFileReference section */

/* Begin PBXFrameworksBuildPhase section */
		89C0C735296BF75F00C829FD /* Frameworks */ = {
			isa = PBXFrameworksBuildPhase;
			buildActionMask = 2147483647;
			files = (
			);
			runOnlyForDeploymentPostprocessing = 0;
		};
/* End PBXFrameworksBuildPhase section */

/* Begin PBXGroup section */
		891D3A82296C1EDE00AE3793 /* App */ = {
			isa = PBXGroup;
			children = (
				89C0C73B296BF75F00C829FD /* AppDelegate.swift */,
				89C0C744296BF76100C829FD /* ExtensionManager.entitlements */,
			);
			path = App;
			sourceTree = "<group>";
		};
		891D3A83296C1EED00AE3793 /* Resources */ = {
			isa = PBXGroup;
			children = (
				89C0C73F296BF76100C829FD /* Assets.xcassets */,
			);
			path = Resources;
			sourceTree = "<group>";
		};
		891D3A84296C1EFC00AE3793 /* Features */ = {
			isa = PBXGroup;
			children = (
				89C0C73D296BF75F00C829FD /* ViewController.swift */,
				89C0C741296BF76100C829FD /* Main.storyboard */,
			);
			path = Features;
			sourceTree = "<group>";
		};
		891D3A85296C1F6200AE3793 /* Store */ = {
			isa = PBXGroup;
			children = (
				891D3A86296C1F7700AE3793 /* ExtensionStore.swift */,
				891F262B2A0CF8380061AAFE /* RequestModel.swift */,
			);
			path = Store;
			sourceTree = "<group>";
		};
		891D3A8B296C386B00AE3793 /* Utilities */ = {
			isa = PBXGroup;
			children = (
				891D3A8C296C387900AE3793 /* Extensions.swift */,
			);
			path = Utilities;
			sourceTree = "<group>";
		};
		891F262F2A0CF9180061AAFE /* Models */ = {
			isa = PBXGroup;
			children = (
				891F262D2A0CF90F0061AAFE /* Sort.swift */,
				892715D72A1225B400E37F37 /* Filter.swift */,
				892715D92A12260800E37F37 /* Extension.swift */,
				892715DB2A12263200E37F37 /* Parseable.swift */,
				892715DD2A12264700E37F37 /* Plugin.swift */,
				892715DF2A12269C00E37F37 /* SystemExtension.swift */,
				892715E12A1226E700E37F37 /* BrowserExtension.swift */,
				892715E22A1226E700E37F37 /* Firefox.swift */,
			);
			path = Models;
			sourceTree = "<group>";
		};
		89C0C72F296BF75F00C829FD = {
			isa = PBXGroup;
			children = (
				89C0C73A296BF75F00C829FD /* Extension Manager */,
				89C0C739296BF75F00C829FD /* Products */,
			);
			sourceTree = "<group>";
		};
		89C0C739296BF75F00C829FD /* Products */ = {
			isa = PBXGroup;
			children = (
				89C0C738296BF75F00C829FD /* Extension Manager.app */,
			);
			name = Products;
			sourceTree = "<group>";
		};
		89C0C73A296BF75F00C829FD /* Extension Manager */ = {
			isa = PBXGroup;
			children = (
				891D3A82296C1EDE00AE3793 /* App */,
				891D3A83296C1EED00AE3793 /* Resources */,
				891D3A8B296C386B00AE3793 /* Utilities */,
				891D3A85296C1F6200AE3793 /* Store */,
				891F262F2A0CF9180061AAFE /* Models */,
				891D3A84296C1EFC00AE3793 /* Features */,
			);
			path = "Extension Manager";
			sourceTree = "<group>";
		};
/* End PBXGroup section */

/* Begin PBXNativeTarget section */
		89C0C737296BF75F00C829FD /* Extension Manager */ = {
			isa = PBXNativeTarget;
			buildConfigurationList = 89C0C747296BF76100C829FD /* Build configuration list for PBXNativeTarget "Extension Manager" */;
			buildPhases = (
				89C0C734296BF75F00C829FD /* Sources */,
				89C0C735296BF75F00C829FD /* Frameworks */,
				89C0C736296BF75F00C829FD /* Resources */,
			);
			buildRules = (
			);
			dependencies = (
			);
			name = "Extension Manager";
			productName = extensionsman;
			productReference = 89C0C738296BF75F00C829FD /* Extension Manager.app */;
			productType = "com.apple.product-type.application";
		};
/* End PBXNativeTarget section */

/* Begin PBXProject section */
		89C0C730296BF75F00C829FD /* Project object */ = {
			isa = PBXProject;
			attributes = {
				BuildIndependentTargetsInParallel = 1;
				LastSwiftUpdateCheck = 1420;
				LastUpgradeCheck = 1420;
				TargetAttributes = {
					89C0C737296BF75F00C829FD = {
						CreatedOnToolsVersion = 14.2;
					};
				};
			};
			buildConfigurationList = 89C0C733296BF75F00C829FD /* Build configuration list for PBXProject "Extension Manager" */;
			compatibilityVersion = "Xcode 14.0";
			developmentRegion = en;
			hasScannedForEncodings = 0;
			knownRegions = (
				en,
				Base,
			);
			mainGroup = 89C0C72F296BF75F00C829FD;
			productRefGroup = 89C0C739296BF75F00C829FD /* Products */;
			projectDirPath = "";
			projectRoot = "";
			targets = (
				89C0C737296BF75F00C829FD /* Extension Manager */,
			);
		};
/* End PBXProject section */

/* Begin PBXResourcesBuildPhase section */
		89C0C736296BF75F00C829FD /* Resources */ = {
			isa = PBXResourcesBuildPhase;
			buildActionMask = 2147483647;
			files = (
				89C0C740296BF76100C829FD /* Assets.xcassets in Resources */,
				89C0C743296BF76100C829FD /* Main.storyboard in Resources */,
			);
			runOnlyForDeploymentPostprocessing = 0;
		};
/* End PBXResourcesBuildPhase section */

/* Begin PBXSourcesBuildPhase section */
		89C0C734296BF75F00C829FD /* Sources */ = {
			isa = PBXSourcesBuildPhase;
			buildActionMask = 2147483647;
			files = (
				892715E42A1226E700E37F37 /* Firefox.swift in Sources */,
				891D3A8D296C387900AE3793 /* Extensions.swift in Sources */,
				892715DA2A12260800E37F37 /* Extension.swift in Sources */,
				892715DE2A12264700E37F37 /* Plugin.swift in Sources */,
				892715D82A1225B400E37F37 /* Filter.swift in Sources */,
				89C0C73E296BF75F00C829FD /* ViewController.swift in Sources */,
				89C0C73C296BF75F00C829FD /* AppDelegate.swift in Sources */,
				892715E02A12269C00E37F37 /* SystemExtension.swift in Sources */,
				891D3A87296C1F7700AE3793 /* ExtensionStore.swift in Sources */,
				891F262E2A0CF90F0061AAFE /* Sort.swift in Sources */,
				891F262C2A0CF8380061AAFE /* RequestModel.swift in Sources */,
				892715E32A1226E700E37F37 /* BrowserExtension.swift in Sources */,
				892715DC2A12263200E37F37 /* Parseable.swift in Sources */,
			);
			runOnlyForDeploymentPostprocessing = 0;
		};
/* End PBXSourcesBuildPhase section */

/* Begin PBXVariantGroup section */
		89C0C741296BF76100C829FD /* Main.storyboard */ = {
			isa = PBXVariantGroup;
			children = (
				89C0C742296BF76100C829FD /* Base */,
			);
			name = Main.storyboard;
			sourceTree = "<group>";
		};
/* End PBXVariantGroup section */

/* Begin XCBuildConfiguration section */
		89C0C745296BF76100C829FD /* Debug */ = {
			isa = XCBuildConfiguration;
			buildSettings = {
				ALWAYS_SEARCH_USER_PATHS = NO;
				CLANG_ANALYZER_NONNULL = YES;
				CLANG_ANALYZER_NUMBER_OBJECT_CONVERSION = YES_AGGRESSIVE;
				CLANG_CXX_LANGUAGE_STANDARD = "gnu++20";
				CLANG_ENABLE_MODULES = YES;
				CLANG_ENABLE_OBJC_ARC = YES;
				CLANG_ENABLE_OBJC_WEAK = YES;
				CLANG_WARN_BLOCK_CAPTURE_AUTORELEASING = YES;
				CLANG_WARN_BOOL_CONVERSION = YES;
				CLANG_WARN_COMMA = YES;
				CLANG_WARN_CONSTANT_CONVERSION = YES;
				CLANG_WARN_DEPRECATED_OBJC_IMPLEMENTATIONS = YES;
				CLANG_WARN_DIRECT_OBJC_ISA_USAGE = YES_ERROR;
				CLANG_WARN_DOCUMENTATION_COMMENTS = YES;
				CLANG_WARN_EMPTY_BODY = YES;
				CLANG_WARN_ENUM_CONVERSION = YES;
				CLANG_WARN_INFINITE_RECURSION = YES;
				CLANG_WARN_INT_CONVERSION = YES;
				CLANG_WARN_NON_LITERAL_NULL_CONVERSION = YES;
				CLANG_WARN_OBJC_IMPLICIT_RETAIN_SELF = YES;
				CLANG_WARN_OBJC_LITERAL_CONVERSION = YES;
				CLANG_WARN_OBJC_ROOT_CLASS = YES_ERROR;
				CLANG_WARN_QUOTED_INCLUDE_IN_FRAMEWORK_HEADER = YES;
				CLANG_WARN_RANGE_LOOP_ANALYSIS = YES;
				CLANG_WARN_STRICT_PROTOTYPES = YES;
				CLANG_WARN_SUSPICIOUS_MOVE = YES;
				CLANG_WARN_UNGUARDED_AVAILABILITY = YES_AGGRESSIVE;
				CLANG_WARN_UNREACHABLE_CODE = YES;
				CLANG_WARN__DUPLICATE_METHOD_MATCH = YES;
				COPY_PHASE_STRIP = NO;
				DEBUG_INFORMATION_FORMAT = dwarf;
				ENABLE_STRICT_OBJC_MSGSEND = YES;
				ENABLE_TESTABILITY = YES;
				GCC_C_LANGUAGE_STANDARD = gnu11;
				GCC_DYNAMIC_NO_PIC = NO;
				GCC_NO_COMMON_BLOCKS = YES;
				GCC_OPTIMIZATION_LEVEL = 0;
				GCC_PREPROCESSOR_DEFINITIONS = (
					"DEBUG=1",
					"$(inherited)",
				);
				GCC_WARN_64_TO_32_BIT_CONVERSION = YES;
				GCC_WARN_ABOUT_RETURN_TYPE = YES_ERROR;
				GCC_WARN_UNDECLARED_SELECTOR = YES;
				GCC_WARN_UNINITIALIZED_AUTOS = YES_AGGRESSIVE;
				GCC_WARN_UNUSED_FUNCTION = YES;
				GCC_WARN_UNUSED_VARIABLE = YES;
				MACOSX_DEPLOYMENT_TARGET = 13.0;
				MTL_ENABLE_DEBUG_INFO = INCLUDE_SOURCE;
				MTL_FAST_MATH = YES;
				ONLY_ACTIVE_ARCH = YES;
				SDKROOT = macosx;
				SWIFT_ACTIVE_COMPILATION_CONDITIONS = DEBUG;
				SWIFT_OPTIMIZATION_LEVEL = "-Onone";
			};
			name = Debug;
		};
		89C0C746296BF76100C829FD /* Release */ = {
			isa = XCBuildConfiguration;
			buildSettings = {
				ALWAYS_SEARCH_USER_PATHS = NO;
				CLANG_ANALYZER_NONNULL = YES;
				CLANG_ANALYZER_NUMBER_OBJECT_CONVERSION = YES_AGGRESSIVE;
				CLANG_CXX_LANGUAGE_STANDARD = "gnu++20";
				CLANG_ENABLE_MODULES = YES;
				CLANG_ENABLE_OBJC_ARC = YES;
				CLANG_ENABLE_OBJC_WEAK = YES;
				CLANG_WARN_BLOCK_CAPTURE_AUTORELEASING = YES;
				CLANG_WARN_BOOL_CONVERSION = YES;
				CLANG_WARN_COMMA = YES;
				CLANG_WARN_CONSTANT_CONVERSION = YES;
				CLANG_WARN_DEPRECATED_OBJC_IMPLEMENTATIONS = YES;
				CLANG_WARN_DIRECT_OBJC_ISA_USAGE = YES_ERROR;
				CLANG_WARN_DOCUMENTATION_COMMENTS = YES;
				CLANG_WARN_EMPTY_BODY = YES;
				CLANG_WARN_ENUM_CONVERSION = YES;
				CLANG_WARN_INFINITE_RECURSION = YES;
				CLANG_WARN_INT_CONVERSION = YES;
				CLANG_WARN_NON_LITERAL_NULL_CONVERSION = YES;
				CLANG_WARN_OBJC_IMPLICIT_RETAIN_SELF = YES;
				CLANG_WARN_OBJC_LITERAL_CONVERSION = YES;
				CLANG_WARN_OBJC_ROOT_CLASS = YES_ERROR;
				CLANG_WARN_QUOTED_INCLUDE_IN_FRAMEWORK_HEADER = YES;
				CLANG_WARN_RANGE_LOOP_ANALYSIS = YES;
				CLANG_WARN_STRICT_PROTOTYPES = YES;
				CLANG_WARN_SUSPICIOUS_MOVE = YES;
				CLANG_WARN_UNGUARDED_AVAILABILITY = YES_AGGRESSIVE;
				CLANG_WARN_UNREACHABLE_CODE = YES;
				CLANG_WARN__DUPLICATE_METHOD_MATCH = YES;
				COPY_PHASE_STRIP = NO;
				DEBUG_INFORMATION_FORMAT = "dwarf-with-dsym";
				ENABLE_NS_ASSERTIONS = NO;
				ENABLE_STRICT_OBJC_MSGSEND = YES;
				GCC_C_LANGUAGE_STANDARD = gnu11;
				GCC_NO_COMMON_BLOCKS = YES;
				GCC_WARN_64_TO_32_BIT_CONVERSION = YES;
				GCC_WARN_ABOUT_RETURN_TYPE = YES_ERROR;
				GCC_WARN_UNDECLARED_SELECTOR = YES;
				GCC_WARN_UNINITIALIZED_AUTOS = YES_AGGRESSIVE;
				GCC_WARN_UNUSED_FUNCTION = YES;
				GCC_WARN_UNUSED_VARIABLE = YES;
				MACOSX_DEPLOYMENT_TARGET = 13.0;
				MTL_ENABLE_DEBUG_INFO = NO;
				MTL_FAST_MATH = YES;
				SDKROOT = macosx;
				SWIFT_COMPILATION_MODE = wholemodule;
				SWIFT_OPTIMIZATION_LEVEL = "-O";
			};
			name = Release;
		};
		89C0C748296BF76100C829FD /* Debug */ = {
			isa = XCBuildConfiguration;
			buildSettings = {
				ASSETCATALOG_COMPILER_APPICON_NAME = AppIcon;
				ASSETCATALOG_COMPILER_GLOBAL_ACCENT_COLOR_NAME = AccentColor;
				CODE_SIGN_ENTITLEMENTS = "Extension Manager/App/ExtensionManager.entitlements";
				"CODE_SIGN_IDENTITY[sdk=macosx*]" = "Apple Development";
				CODE_SIGN_STYLE = Automatic;
				COMBINE_HIDPI_IMAGES = YES;
				CURRENT_PROJECT_VERSION = 1;
				DEVELOPMENT_TEAM = Z9HV438N39;
				GENERATE_INFOPLIST_FILE = YES;
				INFOPLIST_KEY_LSApplicationCategoryType = "public.app-category.utilities";
				INFOPLIST_KEY_NSHumanReadableCopyright = "";
				INFOPLIST_KEY_NSMainStoryboardFile = Main;
				INFOPLIST_KEY_NSPrincipalClass = NSApplication;
				LD_RUNPATH_SEARCH_PATHS = (
					"$(inherited)",
					"@executable_path/../Frameworks",
				);
				MACOSX_DEPLOYMENT_TARGET = 12.0;
				MARKETING_VERSION = 0.3;
				PRODUCT_BUNDLE_IDENTIFIER = com.krypted.extensionmanager;
				PRODUCT_NAME = "$(TARGET_NAME)";
				SWIFT_EMIT_LOC_STRINGS = YES;
				SWIFT_VERSION = 5.0;
			};
			name = Debug;
		};
		89C0C749296BF76100C829FD /* Release */ = {
			isa = XCBuildConfiguration;
			buildSettings = {
				ASSETCATALOG_COMPILER_APPICON_NAME = AppIcon;
				ASSETCATALOG_COMPILER_GLOBAL_ACCENT_COLOR_NAME = AccentColor;
				CODE_SIGN_ENTITLEMENTS = "Extension Manager/App/ExtensionManager.entitlements";
				"CODE_SIGN_IDENTITY[sdk=macosx*]" = "Apple Development";
				CODE_SIGN_STYLE = Automatic;
				COMBINE_HIDPI_IMAGES = YES;
				CURRENT_PROJECT_VERSION = 1;
				DEVELOPMENT_TEAM = Z9HV438N39;
				GENERATE_INFOPLIST_FILE = YES;
				INFOPLIST_KEY_LSApplicationCategoryType = "public.app-category.utilities";
				INFOPLIST_KEY_NSHumanReadableCopyright = "";
				INFOPLIST_KEY_NSMainStoryboardFile = Main;
				INFOPLIST_KEY_NSPrincipalClass = NSApplication;
				LD_RUNPATH_SEARCH_PATHS = (
					"$(inherited)",
					"@executable_path/../Frameworks",
				);
				MACOSX_DEPLOYMENT_TARGET = 12.0;
				MARKETING_VERSION = 0.3;
				PRODUCT_BUNDLE_IDENTIFIER = com.creativeconcept.extensionmanager;
				PRODUCT_NAME = "$(TARGET_NAME)";
				SWIFT_EMIT_LOC_STRINGS = YES;
				SWIFT_VERSION = 5.0;
			};
			name = Release;
		};
/* End XCBuildConfiguration section */

/* Begin XCConfigurationList section */
		89C0C733296BF75F00C829FD /* Build configuration list for PBXProject "Extension Manager" */ = {
			isa = XCConfigurationList;
			buildConfigurations = (
				89C0C745296BF76100C829FD /* Debug */,
				89C0C746296BF76100C829FD /* Release */,
			);
			defaultConfigurationIsVisible = 0;
			defaultConfigurationName = Release;
		};
		89C0C747296BF76100C829FD /* Build configuration list for PBXNativeTarget "Extension Manager" */ = {
			isa = XCConfigurationList;
			buildConfigurations = (
				89C0C748296BF76100C829FD /* Debug */,
				89C0C749296BF76100C829FD /* Release */,
			);
			defaultConfigurationIsVisible = 0;
			defaultConfigurationName = Release;
		};
/* End XCConfigurationList section */
	};
	rootObject = 89C0C730296BF75F00C829FD /* Project object */;
}
